{
  "nodes": {
    "nixpkgs": {
      "locked": {
        "lastModified": 1711929749,
        "narHash": "sha256-wfkvLFRKaaCN0xzZ5sfNZvypophieQE7WTz0RHJYJjU=",
        "owner": "nixos",
        "repo": "nixpkgs",
        "rev": "e4dc8790bf33277293055e4f1b5e638af76df4ea",
        "type": "github"
      },
      "original": {
        "owner": "nixos",
        "ref": "staging-next",
        "repo": "nixpkgs",
        "type": "github"
      }
    },
    "root": {
      "inputs": {
        "nixpkgs": "nixpkgs"
      }
    }
  },
  "root": "root",
  "version": 7
}
